<?xml version="1.0" encoding="utf-8"?>
<Project ToolsVersion="4.0" xmlns="http://schemas.microsoft.com/developer/msbuild/2003">
  <ItemGroup>
    <Filter Include="Source Files">
      <UniqueIdentifier>{4FC737F1-C7A5-4376-A066-2A32D752A2FF}</UniqueIdentifier>
      <Extensions>cpp;c;cc;cxx;c++;cppm;ixx;def;odl;idl;hpj;bat;asm;asmx</Extensions>
    </Filter>
    <Filter Include="Header Files">
      <UniqueIdentifier>{93995380-89BD-4b04-88EB-625FBE52EBFB}</UniqueIdentifier>
      <Extensions>h;hh;hpp;hxx;h++;hm;inl;inc;ipp;xsd</Extensions>
    </Filter>
    <Filter Include="Resource Files">
      <UniqueIdentifier>{67DA6AB6-F800-4c08-8B7A-83BB121AAD01}</UniqueIdentifier>
      <Extensions>rc;ico;cur;bmp;dlg;rc2;rct;bin;rgs;gif;jpg;jpeg;jpe;resx;tiff;tif;png;wav;mfcribbon-ms</Extensions>
    </Filter>
    <Filter Include="Header Files\SQLiteCpp">
      <UniqueIdentifier>{6037fa0d-19ba-4432-820f-4caea476caf4}</UniqueIdentifier>
    </Filter>
    <Filter Include="Source Files\SQLiteCpp">
      <UniqueIdentifier>{d6823c1f-80cc-4727-b2c4-d8b4c07127d5}</UniqueIdentifier>
    </Filter>
  </ItemGroup>
  <ItemGroup>
    <ClCompile Include="main.cpp">
      <Filter>Source Files</Filter>
    </ClCompile>
    <ClCompile Include="Car.cpp">
      <Filter>Source Files</Filter>
    </ClCompile>
    <ClCompile Include="Compartment.cpp">
      <Filter>Source Files</Filter>
    </ClCompile>
    <ClCompile Include="Passenger.cpp">
      <Filter>Source Files</Filter>
    </ClCompile>
    <ClCompile Include="Route.cpp">
      <Filter>Source Files</Filter>
    </ClCompile>
    <ClCompile Include="Seat.cpp">
      <Filter>Source Files</Filter>
    </ClCompile>
    <ClCompile Include="Trip.cpp">
      <Filter>Source Files</Filter>
    </ClCompile>
    <ClCompile Include="Train.cpp">
      <Filter>Source Files</Filter>
    </ClCompile>
    <ClCompile Include="SQLiteCpp\src\Backup.cpp">
      <Filter>Source Files\SQLiteCpp</Filter>
    </ClCompile>
    <ClCompile Include="SQLiteCpp\src\Column.cpp">
      <Filter>Source Files\SQLiteCpp</Filter>
    </ClCompile>
    <ClCompile Include="SQLiteCpp\src\Database.cpp">
      <Filter>Source Files\SQLiteCpp</Filter>
    </ClCompile>
    <ClCompile Include="SQLiteCpp\src\Exception.cpp">
      <Filter>Source Files\SQLiteCpp</Filter>
    </ClCompile>
    <ClCompile Include="SQLiteCpp\src\Savepoint.cpp">
      <Filter>Source Files\SQLiteCpp</Filter>
    </ClCompile>
    <ClCompile Include="SQLiteCpp\sqlite3\sqlite3.c">
      <Filter>Source Files\SQLiteCpp</Filter>
    </ClCompile>
    <ClCompile Include="SQLiteCpp\src\Statement.cpp">
      <Filter>Source Files\SQLiteCpp</Filter>
    </ClCompile>
    <ClCompile Include="SQLiteCpp\src\Transaction.cpp">
      <Filter>Source Files\SQLiteCpp</Filter>
    </ClCompile>
    <ClCompile Include="Menu.cpp">
      <Filter>Source Files</Filter>
    </ClCompile>
    <ClCompile Include="StationManager.cpp">
      <Filter>Source Files</Filter>
    </ClCompile>
    <ClCompile Include="DataManager.cpp">
      <Filter>Source Files</Filter>
    </ClCompile>
    <ClCompile Include="Reservation.cpp">
      <Filter>Source Files</Filter>
    </ClCompile>
    <ClCompile Include="LookupMenu.cpp">
      <Filter>Source Files</Filter>
    </ClCompile>
    <ClCompile Include="displayFunctions.cpp">
      <Filter>Source Files</Filter>
    </ClCompile>
  </ItemGroup>
  <ItemGroup>
    <ClInclude Include="Car.h">
      <Filter>Header Files</Filter>
    </ClInclude>
    <ClInclude Include="Compartment.h">
      <Filter>Header Files</Filter>
    </ClInclude>
    <ClInclude Include="Passenger.h">
      <Filter>Header Files</Filter>
    </ClInclude>
    <ClInclude Include="Route.h">
      <Filter>Header Files</Filter>
    </ClInclude>
    <ClInclude Include="Seat.h">
      <Filter>Header Files</Filter>
    </ClInclude>
    <ClInclude Include="Trip.h">
      <Filter>Header Files</Filter>
    </ClInclude>
    <ClInclude Include="headers.h">
      <Filter>Header Files</Filter>
    </ClInclude>
    <ClInclude Include="Train.h">
      <Filter>Header Files</Filter>
    </ClInclude>
    <ClInclude Include="SQLiteCpp\include\SQLiteCpp\Assertion.h">
      <Filter>Header Files\SQLiteCpp</Filter>
    </ClInclude>
    <ClInclude Include="SQLiteCpp\include\SQLiteCpp\Backup.h">
      <Filter>Header Files\SQLiteCpp</Filter>
    </ClInclude>
    <ClInclude Include="SQLiteCpp\include\SQLiteCpp\Column.h">
      <Filter>Header Files\SQLiteCpp</Filter>
    </ClInclude>
    <ClInclude Include="SQLiteCpp\include\SQLiteCpp\Database.h">
      <Filter>Header Files\SQLiteCpp</Filter>
    </ClInclude>
    <ClInclude Include="SQLiteCpp\include\SQLiteCpp\Exception.h">
      <Filter>Header Files\SQLiteCpp</Filter>
    </ClInclude>
    <ClInclude Include="SQLiteCpp\include\SQLiteCpp\ExecuteMany.h">
      <Filter>Header Files\SQLiteCpp</Filter>
    </ClInclude>
    <ClInclude Include="SQLiteCpp\include\SQLiteCpp\Savepoint.h">
      <Filter>Header Files\SQLiteCpp</Filter>
    </ClInclude>
    <ClInclude Include="SQLiteCpp\sqlite3\sqlite3.h">
      <Filter>Header Files\SQLiteCpp</Filter>
    </ClInclude>
    <ClInclude Include="SQLiteCpp\include\SQLiteCpp\SQLiteCpp.h">
      <Filter>Header Files\SQLiteCpp</Filter>
    </ClInclude>
    <ClInclude Include="SQLiteCpp\include\SQLiteCpp\SQLiteCppExport.h">
      <Filter>Header Files\SQLiteCpp</Filter>
    </ClInclude>
    <ClInclude Include="SQLiteCpp\include\SQLiteCpp\Statement.h">
      <Filter>Header Files\SQLiteCpp</Filter>
    </ClInclude>
    <ClInclude Include="SQLiteCpp\include\SQLiteCpp\Transaction.h">
      <Filter>Header Files\SQLiteCpp</Filter>
    </ClInclude>
    <ClInclude Include="SQLiteCpp\include\SQLiteCpp\Utils.h">
      <Filter>Header Files\SQLiteCpp</Filter>
    </ClInclude>
    <ClInclude Include="SQLiteCpp\include\SQLiteCpp\VariadicBind.h">
      <Filter>Header Files\SQLiteCpp</Filter>
    </ClInclude>
    <ClInclude Include="Menu.h">
      <Filter>Header Files</Filter>
    </ClInclude>
    <ClInclude Include="StationManager.h">
      <Filter>Header Files</Filter>
    </ClInclude>
    <ClInclude Include="GlobalConsts.h">
      <Filter>Header Files</Filter>
    </ClInclude>
    <ClInclude Include="DataManager.h">
      <Filter>Header Files</Filter>
    </ClInclude>
    <ClInclude Include="Reservation.h">
      <Filter>Header Files</Filter>
    </ClInclude>
  </ItemGroup>
</Project>